// !$*UTF8*$!
{
	archiveVersion = 1;
	classes = {
	};
	objectVersion = 56;
	objects = {

/* Begin PBXBuildFile section */
		C4DF47FC2C9D2AB100FBEF26 /* AppDelegate.swift in Sources */ = {isa = PBXBuildFile; fileRef = C4DF47FB2C9D2AB100FBEF26 /* AppDelegate.swift */; };
		C4DF47FE2C9D2AB100FBEF26 /* SceneDelegate.swift in Sources */ = {isa = PBXBuildFile; fileRef = C4DF47FD2C9D2AB100FBEF26 /* SceneDelegate.swift */; };
		C4DF48052C9D2AB200FBEF26 /* Assets.xcassets in Resources */ = {isa = PBXBuildFile; fileRef = C4DF48042C9D2AB200FBEF26 /* Assets.xcassets */; };
		C4DF48082C9D2AB200FBEF26 /* Base in Resources */ = {isa = PBXBuildFile; fileRef = C4DF48072C9D2AB200FBEF26 /* Base */; };
		C4DF48132C9D2AB200FBEF26 /* ProductsIBKTests.swift in Sources */ = {isa = PBXBuildFile; fileRef = C4DF48122C9D2AB200FBEF26 /* ProductsIBKTests.swift */; };
		C4DF481D2C9D2AB200FBEF26 /* ProductsIBKUITests.swift in Sources */ = {isa = PBXBuildFile; fileRef = C4DF481C2C9D2AB200FBEF26 /* ProductsIBKUITests.swift */; };
		C4DF481F2C9D2AB200FBEF26 /* ProductsIBKUITestsLaunchTests.swift in Sources */ = {isa = PBXBuildFile; fileRef = C4DF481E2C9D2AB200FBEF26 /* ProductsIBKUITestsLaunchTests.swift */; };
		C4DF48302C9D30F900FBEF26 /* MainTabBarController.swift in Sources */ = {isa = PBXBuildFile; fileRef = C4DF482F2C9D30F900FBEF26 /* MainTabBarController.swift */; };
		C4DF48342C9D327E00FBEF26 /* Main.storyboard in Resources */ = {isa = PBXBuildFile; fileRef = C4DF48012C9D2AB100FBEF26 /* Main.storyboard */; };
		C4DF48372C9D34B600FBEF26 /* MenuViewController.swift in Sources */ = {isa = PBXBuildFile; fileRef = C4DF48362C9D34B600FBEF26 /* MenuViewController.swift */; };
		C4DF483A2C9D3CD600FBEF26 /* MainTabBarViewModel.swift in Sources */ = {isa = PBXBuildFile; fileRef = C4DF48392C9D3CD600FBEF26 /* MainTabBarViewModel.swift */; };
		C4DF483C2C9D3EA500FBEF26 /* MenuViewModel.swift in Sources */ = {isa = PBXBuildFile; fileRef = C4DF483B2C9D3EA500FBEF26 /* MenuViewModel.swift */; };
		C4DF48422C9D41C800FBEF26 /* ThemeStorage.swift in Sources */ = {isa = PBXBuildFile; fileRef = C4DF48412C9D41C800FBEF26 /* ThemeStorage.swift */; };
/* End PBXBuildFile section */

/* Begin PBXContainerItemProxy section */
		C4DF480F2C9D2AB200FBEF26 /* PBXContainerItemProxy */ = {
			isa = PBXContainerItemProxy;
			containerPortal = C4DF47F02C9D2AB100FBEF26 /* Project object */;
			proxyType = 1;
			remoteGlobalIDString = C4DF47F72C9D2AB100FBEF26;
			remoteInfo = ProductsIBK;
		};
		C4DF48192C9D2AB200FBEF26 /* PBXContainerItemProxy */ = {
			isa = PBXContainerItemProxy;
			containerPortal = C4DF47F02C9D2AB100FBEF26 /* Project object */;
			proxyType = 1;
			remoteGlobalIDString = C4DF47F72C9D2AB100FBEF26;
			remoteInfo = ProductsIBK;
		};
/* End PBXContainerItemProxy section */

/* Begin PBXFileReference section */
		C4DF47F82C9D2AB100FBEF26 /* ProductsIBK.app */ = {isa = PBXFileReference; explicitFileType = wrapper.application; includeInIndex = 0; path = ProductsIBK.app; sourceTree = BUILT_PRODUCTS_DIR; };
		C4DF47FB2C9D2AB100FBEF26 /* AppDelegate.swift */ = {isa = PBXFileReference; lastKnownFileType = sourcecode.swift; path = AppDelegate.swift; sourceTree = "<group>"; };
		C4DF47FD2C9D2AB100FBEF26 /* SceneDelegate.swift */ = {isa = PBXFileReference; lastKnownFileType = sourcecode.swift; path = SceneDelegate.swift; sourceTree = "<group>"; };
		C4DF48022C9D2AB100FBEF26 /* Base */ = {isa = PBXFileReference; lastKnownFileType = file.storyboard; name = Base; path = Base.lproj/Main.storyboard; sourceTree = "<group>"; };
		C4DF48042C9D2AB200FBEF26 /* Assets.xcassets */ = {isa = PBXFileReference; lastKnownFileType = folder.assetcatalog; path = Assets.xcassets; sourceTree = "<group>"; };
		C4DF48072C9D2AB200FBEF26 /* Base */ = {isa = PBXFileReference; lastKnownFileType = file.storyboard; name = Base; path = Base.lproj/LaunchScreen.storyboard; sourceTree = "<group>"; };
		C4DF48092C9D2AB200FBEF26 /* Info.plist */ = {isa = PBXFileReference; lastKnownFileType = text.plist.xml; name = Info.plist; path = ProductsIBK/Resources/Info.plist; sourceTree = SOURCE_ROOT; };
		C4DF480E2C9D2AB200FBEF26 /* ProductsIBKTests.xctest */ = {isa = PBXFileReference; explicitFileType = wrapper.cfbundle; includeInIndex = 0; path = ProductsIBKTests.xctest; sourceTree = BUILT_PRODUCTS_DIR; };
		C4DF48122C9D2AB200FBEF26 /* ProductsIBKTests.swift */ = {isa = PBXFileReference; lastKnownFileType = sourcecode.swift; path = ProductsIBKTests.swift; sourceTree = "<group>"; };
		C4DF48182C9D2AB200FBEF26 /* ProductsIBKUITests.xctest */ = {isa = PBXFileReference; explicitFileType = wrapper.cfbundle; includeInIndex = 0; path = ProductsIBKUITests.xctest; sourceTree = BUILT_PRODUCTS_DIR; };
		C4DF481C2C9D2AB200FBEF26 /* ProductsIBKUITests.swift */ = {isa = PBXFileReference; lastKnownFileType = sourcecode.swift; path = ProductsIBKUITests.swift; sourceTree = "<group>"; };
		C4DF481E2C9D2AB200FBEF26 /* ProductsIBKUITestsLaunchTests.swift */ = {isa = PBXFileReference; lastKnownFileType = sourcecode.swift; path = ProductsIBKUITestsLaunchTests.swift; sourceTree = "<group>"; };
		C4DF482F2C9D30F900FBEF26 /* MainTabBarController.swift */ = {isa = PBXFileReference; lastKnownFileType = sourcecode.swift; path = MainTabBarController.swift; sourceTree = "<group>"; };
		C4DF48362C9D34B600FBEF26 /* MenuViewController.swift */ = {isa = PBXFileReference; lastKnownFileType = sourcecode.swift; path = MenuViewController.swift; sourceTree = "<group>"; };
		C4DF48392C9D3CD600FBEF26 /* MainTabBarViewModel.swift */ = {isa = PBXFileReference; lastKnownFileType = sourcecode.swift; path = MainTabBarViewModel.swift; sourceTree = "<group>"; };
		C4DF483B2C9D3EA500FBEF26 /* MenuViewModel.swift */ = {isa = PBXFileReference; lastKnownFileType = sourcecode.swift; path = MenuViewModel.swift; sourceTree = "<group>"; };
		C4DF48412C9D41C800FBEF26 /* ThemeStorage.swift */ = {isa = PBXFileReference; lastKnownFileType = sourcecode.swift; path = ThemeStorage.swift; sourceTree = "<group>"; };
/* End PBXFileReference section */

/* Begin PBXFrameworksBuildPhase section */
		C4DF47F52C9D2AB100FBEF26 /* Frameworks */ = {
			isa = PBXFrameworksBuildPhase;
			buildActionMask = 2147483647;
			files = (
			);
			runOnlyForDeploymentPostprocessing = 0;
		};
		C4DF480B2C9D2AB200FBEF26 /* Frameworks */ = {
			isa = PBXFrameworksBuildPhase;
			buildActionMask = 2147483647;
			files = (
			);
			runOnlyForDeploymentPostprocessing = 0;
		};
		C4DF48152C9D2AB200FBEF26 /* Frameworks */ = {
			isa = PBXFrameworksBuildPhase;
			buildActionMask = 2147483647;
			files = (
			);
			runOnlyForDeploymentPostprocessing = 0;
		};
/* End PBXFrameworksBuildPhase section */

/* Begin PBXGroup section */
		C4DF47EF2C9D2AB100FBEF26 = {
			isa = PBXGroup;
			children = (
				C4DF47FA2C9D2AB100FBEF26 /* ProductsIBK */,
				C4DF48112C9D2AB200FBEF26 /* ProductsIBKTests */,
				C4DF481B2C9D2AB200FBEF26 /* ProductsIBKUITests */,
				C4DF47F92C9D2AB100FBEF26 /* Products */,
			);
			sourceTree = "<group>";
		};
		C4DF47F92C9D2AB100FBEF26 /* Products */ = {
			isa = PBXGroup;
			children = (
				C4DF47F82C9D2AB100FBEF26 /* ProductsIBK.app */,
				C4DF480E2C9D2AB200FBEF26 /* ProductsIBKTests.xctest */,
				C4DF48182C9D2AB200FBEF26 /* ProductsIBKUITests.xctest */,
			);
			name = Products;
			sourceTree = "<group>";
		};
		C4DF47FA2C9D2AB100FBEF26 /* ProductsIBK */ = {
			isa = PBXGroup;
			children = (
				C4DF482B2C9D2F5F00FBEF26 /* App */,
				C4DF482D2C9D304700FBEF26 /* Modules */,
				C4DF482C2C9D2FAF00FBEF26 /* Resources */,
				C4DF483D2C9D3FCA00FBEF26 /* Utils */,
			);
			path = ProductsIBK;
			sourceTree = "<group>";
		};
		C4DF48112C9D2AB200FBEF26 /* ProductsIBKTests */ = {
			isa = PBXGroup;
			children = (
				C4DF48122C9D2AB200FBEF26 /* ProductsIBKTests.swift */,
			);
			path = ProductsIBKTests;
			sourceTree = "<group>";
		};
		C4DF481B2C9D2AB200FBEF26 /* ProductsIBKUITests */ = {
			isa = PBXGroup;
			children = (
				C4DF481C2C9D2AB200FBEF26 /* ProductsIBKUITests.swift */,
				C4DF481E2C9D2AB200FBEF26 /* ProductsIBKUITestsLaunchTests.swift */,
			);
			path = ProductsIBKUITests;
			sourceTree = "<group>";
		};
		C4DF482B2C9D2F5F00FBEF26 /* App */ = {
			isa = PBXGroup;
			children = (
				C4DF47FB2C9D2AB100FBEF26 /* AppDelegate.swift */,
				C4DF47FD2C9D2AB100FBEF26 /* SceneDelegate.swift */,
			);
			path = App;
			sourceTree = "<group>";
		};
		C4DF482C2C9D2FAF00FBEF26 /* Resources */ = {
			isa = PBXGroup;
			children = (
				C4DF48012C9D2AB100FBEF26 /* Main.storyboard */,
				C4DF48042C9D2AB200FBEF26 /* Assets.xcassets */,
				C4DF48062C9D2AB200FBEF26 /* LaunchScreen.storyboard */,
				C4DF48092C9D2AB200FBEF26 /* Info.plist */,
			);
			path = Resources;
			sourceTree = "<group>";
		};
		C4DF482D2C9D304700FBEF26 /* Modules */ = {
			isa = PBXGroup;
			children = (
				C4DF482E2C9D305E00FBEF26 /* TabBar */,
				C4DF48352C9D34A200FBEF26 /* Menu */,
			);
			path = Modules;
			sourceTree = "<group>";
		};
		C4DF482E2C9D305E00FBEF26 /* TabBar */ = {
			isa = PBXGroup;
			children = (
				C4DF48392C9D3CD600FBEF26 /* MainTabBarViewModel.swift */,
				C4DF482F2C9D30F900FBEF26 /* MainTabBarController.swift */,
			);
			path = TabBar;
			sourceTree = "<group>";
		};
		C4DF48352C9D34A200FBEF26 /* Menu */ = {
			isa = PBXGroup;
			children = (
				C4DF483B2C9D3EA500FBEF26 /* MenuViewModel.swift */,
				C4DF48362C9D34B600FBEF26 /* MenuViewController.swift */,
			);
			path = Menu;
			sourceTree = "<group>";
		};
		C4DF483D2C9D3FCA00FBEF26 /* Utils */ = {
			isa = PBXGroup;
			children = (
				C4DF483E2C9D401000FBEF26 /* Helpers */,
			);
			path = Utils;
			sourceTree = "<group>";
		};
		C4DF483E2C9D401000FBEF26 /* Helpers */ = {
			isa = PBXGroup;
			children = (
				C4DF48412C9D41C800FBEF26 /* ThemeStorage.swift */,
			);
			path = Helpers;
			sourceTree = "<group>";
		};
/* End PBXGroup section */

/* Begin PBXNativeTarget section */
		C4DF47F72C9D2AB100FBEF26 /* ProductsIBK */ = {
			isa = PBXNativeTarget;
			buildConfigurationList = C4DF48222C9D2AB200FBEF26 /* Build configuration list for PBXNativeTarget "ProductsIBK" */;
			buildPhases = (
				C4DF47F42C9D2AB100FBEF26 /* Sources */,
				C4DF47F52C9D2AB100FBEF26 /* Frameworks */,
				C4DF47F62C9D2AB100FBEF26 /* Resources */,
			);
			buildRules = (
			);
			dependencies = (
			);
			name = ProductsIBK;
			productName = ProductsIBK;
			productReference = C4DF47F82C9D2AB100FBEF26 /* ProductsIBK.app */;
			productType = "com.apple.product-type.application";
		};
		C4DF480D2C9D2AB200FBEF26 /* ProductsIBKTests */ = {
			isa = PBXNativeTarget;
			buildConfigurationList = C4DF48252C9D2AB200FBEF26 /* Build configuration list for PBXNativeTarget "ProductsIBKTests" */;
			buildPhases = (
				C4DF480A2C9D2AB200FBEF26 /* Sources */,
				C4DF480B2C9D2AB200FBEF26 /* Frameworks */,
				C4DF480C2C9D2AB200FBEF26 /* Resources */,
			);
			buildRules = (
			);
			dependencies = (
				C4DF48102C9D2AB200FBEF26 /* PBXTargetDependency */,
			);
			name = ProductsIBKTests;
			productName = ProductsIBKTests;
			productReference = C4DF480E2C9D2AB200FBEF26 /* ProductsIBKTests.xctest */;
			productType = "com.apple.product-type.bundle.unit-test";
		};
		C4DF48172C9D2AB200FBEF26 /* ProductsIBKUITests */ = {
			isa = PBXNativeTarget;
			buildConfigurationList = C4DF48282C9D2AB200FBEF26 /* Build configuration list for PBXNativeTarget "ProductsIBKUITests" */;
			buildPhases = (
				C4DF48142C9D2AB200FBEF26 /* Sources */,
				C4DF48152C9D2AB200FBEF26 /* Frameworks */,
				C4DF48162C9D2AB200FBEF26 /* Resources */,
			);
			buildRules = (
			);
			dependencies = (
				C4DF481A2C9D2AB200FBEF26 /* PBXTargetDependency */,
			);
			name = ProductsIBKUITests;
			productName = ProductsIBKUITests;
			productReference = C4DF48182C9D2AB200FBEF26 /* ProductsIBKUITests.xctest */;
			productType = "com.apple.product-type.bundle.ui-testing";
		};
/* End PBXNativeTarget section */

/* Begin PBXProject section */
		C4DF47F02C9D2AB100FBEF26 /* Project object */ = {
			isa = PBXProject;
			attributes = {
				BuildIndependentTargetsInParallel = 1;
				LastSwiftUpdateCheck = 1540;
				LastUpgradeCheck = 1540;
				TargetAttributes = {
					C4DF47F72C9D2AB100FBEF26 = {
						CreatedOnToolsVersion = 15.4;
					};
					C4DF480D2C9D2AB200FBEF26 = {
						CreatedOnToolsVersion = 15.4;
						TestTargetID = C4DF47F72C9D2AB100FBEF26;
					};
					C4DF48172C9D2AB200FBEF26 = {
						CreatedOnToolsVersion = 15.4;
						TestTargetID = C4DF47F72C9D2AB100FBEF26;
					};
				};
			};
			buildConfigurationList = C4DF47F32C9D2AB100FBEF26 /* Build configuration list for PBXProject "ProductsIBK" */;
			compatibilityVersion = "Xcode 14.0";
			developmentRegion = en;
			hasScannedForEncodings = 0;
			knownRegions = (
				en,
				Base,
			);
			mainGroup = C4DF47EF2C9D2AB100FBEF26;
			productRefGroup = C4DF47F92C9D2AB100FBEF26 /* Products */;
			projectDirPath = "";
			projectRoot = "";
			targets = (
				C4DF47F72C9D2AB100FBEF26 /* ProductsIBK */,
				C4DF480D2C9D2AB200FBEF26 /* ProductsIBKTests */,
				C4DF48172C9D2AB200FBEF26 /* ProductsIBKUITests */,
			);
		};
/* End PBXProject section */

/* Begin PBXResourcesBuildPhase section */
		C4DF47F62C9D2AB100FBEF26 /* Resources */ = {
			isa = PBXResourcesBuildPhase;
			buildActionMask = 2147483647;
			files = (
				C4DF48342C9D327E00FBEF26 /* Main.storyboard in Resources */,
				C4DF48052C9D2AB200FBEF26 /* Assets.xcassets in Resources */,
				C4DF48082C9D2AB200FBEF26 /* Base in Resources */,
			);
			runOnlyForDeploymentPostprocessing = 0;
		};
		C4DF480C2C9D2AB200FBEF26 /* Resources */ = {
			isa = PBXResourcesBuildPhase;
			buildActionMask = 2147483647;
			files = (
			);
			runOnlyForDeploymentPostprocessing = 0;
		};
		C4DF48162C9D2AB200FBEF26 /* Resources */ = {
			isa = PBXResourcesBuildPhase;
			buildActionMask = 2147483647;
			files = (
			);
			runOnlyForDeploymentPostprocessing = 0;
		};
/* End PBXResourcesBuildPhase section */

/* Begin PBXSourcesBuildPhase section */
		C4DF47F42C9D2AB100FBEF26 /* Sources */ = {
			isa = PBXSourcesBuildPhase;
			buildActionMask = 2147483647;
			files = (
				C4DF483A2C9D3CD600FBEF26 /* MainTabBarViewModel.swift in Sources */,
				C4DF47FC2C9D2AB100FBEF26 /* AppDelegate.swift in Sources */,
				C4DF47FE2C9D2AB100FBEF26 /* SceneDelegate.swift in Sources */,
				C4DF483C2C9D3EA500FBEF26 /* MenuViewModel.swift in Sources */,
				C4DF48422C9D41C800FBEF26 /* ThemeStorage.swift in Sources */,
				C4DF48302C9D30F900FBEF26 /* MainTabBarController.swift in Sources */,
				C4DF48372C9D34B600FBEF26 /* MenuViewController.swift in Sources */,
			);
			runOnlyForDeploymentPostprocessing = 0;
		};
		C4DF480A2C9D2AB200FBEF26 /* Sources */ = {
			isa = PBXSourcesBuildPhase;
			buildActionMask = 2147483647;
			files = (
				C4DF48132C9D2AB200FBEF26 /* ProductsIBKTests.swift in Sources */,
			);
			runOnlyForDeploymentPostprocessing = 0;
		};
		C4DF48142C9D2AB200FBEF26 /* Sources */ = {
			isa = PBXSourcesBuildPhase;
			buildActionMask = 2147483647;
			files = (
				C4DF481D2C9D2AB200FBEF26 /* ProductsIBKUITests.swift in Sources */,
				C4DF481F2C9D2AB200FBEF26 /* ProductsIBKUITestsLaunchTests.swift in Sources */,
			);
			runOnlyForDeploymentPostprocessing = 0;
		};
/* End PBXSourcesBuildPhase section */

/* Begin PBXTargetDependency section */
		C4DF48102C9D2AB200FBEF26 /* PBXTargetDependency */ = {
			isa = PBXTargetDependency;
			target = C4DF47F72C9D2AB100FBEF26 /* ProductsIBK */;
			targetProxy = C4DF480F2C9D2AB200FBEF26 /* PBXContainerItemProxy */;
		};
		C4DF481A2C9D2AB200FBEF26 /* PBXTargetDependency */ = {
			isa = PBXTargetDependency;
			target = C4DF47F72C9D2AB100FBEF26 /* ProductsIBK */;
			targetProxy = C4DF48192C9D2AB200FBEF26 /* PBXContainerItemProxy */;
		};
/* End PBXTargetDependency section */

/* Begin PBXVariantGroup section */
		C4DF48012C9D2AB100FBEF26 /* Main.storyboard */ = {
			isa = PBXVariantGroup;
			children = (
				C4DF48022C9D2AB100FBEF26 /* Base */,
			);
			name = Main.storyboard;
			sourceTree = "<group>";
		};
		C4DF48062C9D2AB200FBEF26 /* LaunchScreen.storyboard */ = {
			isa = PBXVariantGroup;
			children = (
				C4DF48072C9D2AB200FBEF26 /* Base */,
			);
			name = LaunchScreen.storyboard;
			sourceTree = "<group>";
		};
/* End PBXVariantGroup section */

/* Begin XCBuildConfiguration section */
		C4DF48202C9D2AB200FBEF26 /* Debug */ = {
			isa = XCBuildConfiguration;
			buildSettings = {
				ALWAYS_SEARCH_USER_PATHS = NO;
				ASSETCATALOG_COMPILER_GENERATE_SWIFT_ASSET_SYMBOL_EXTENSIONS = YES;
				CLANG_ANALYZER_NONNULL = YES;
				CLANG_ANALYZER_NUMBER_OBJECT_CONVERSION = YES_AGGRESSIVE;
				CLANG_CXX_LANGUAGE_STANDARD = "gnu++20";
				CLANG_ENABLE_MODULES = YES;
				CLANG_ENABLE_OBJC_ARC = YES;
				CLANG_ENABLE_OBJC_WEAK = YES;
				CLANG_WARN_BLOCK_CAPTURE_AUTORELEASING = YES;
				CLANG_WARN_BOOL_CONVERSION = YES;
				CLANG_WARN_COMMA = YES;
				CLANG_WARN_CONSTANT_CONVERSION = YES;
				CLANG_WARN_DEPRECATED_OBJC_IMPLEMENTATIONS = YES;
				CLANG_WARN_DIRECT_OBJC_ISA_USAGE = YES_ERROR;
				CLANG_WARN_DOCUMENTATION_COMMENTS = YES;
				CLANG_WARN_EMPTY_BODY = YES;
				CLANG_WARN_ENUM_CONVERSION = YES;
				CLANG_WARN_INFINITE_RECURSION = YES;
				CLANG_WARN_INT_CONVERSION = YES;
				CLANG_WARN_NON_LITERAL_NULL_CONVERSION = YES;
				CLANG_WARN_OBJC_IMPLICIT_RETAIN_SELF = YES;
				CLANG_WARN_OBJC_LITERAL_CONVERSION = YES;
				CLANG_WARN_OBJC_ROOT_CLASS = YES_ERROR;
				CLANG_WARN_QUOTED_INCLUDE_IN_FRAMEWORK_HEADER = YES;
				CLANG_WARN_RANGE_LOOP_ANALYSIS = YES;
				CLANG_WARN_STRICT_PROTOTYPES = YES;
				CLANG_WARN_SUSPICIOUS_MOVE = YES;
				CLANG_WARN_UNGUARDED_AVAILABILITY = YES_AGGRESSIVE;
				CLANG_WARN_UNREACHABLE_CODE = YES;
				CLANG_WARN__DUPLICATE_METHOD_MATCH = YES;
				COPY_PHASE_STRIP = NO;
				DEBUG_INFORMATION_FORMAT = dwarf;
				ENABLE_STRICT_OBJC_MSGSEND = YES;
				ENABLE_TESTABILITY = YES;
				ENABLE_USER_SCRIPT_SANDBOXING = YES;
				GCC_C_LANGUAGE_STANDARD = gnu17;
				GCC_DYNAMIC_NO_PIC = NO;
				GCC_NO_COMMON_BLOCKS = YES;
				GCC_OPTIMIZATION_LEVEL = 0;
				GCC_PREPROCESSOR_DEFINITIONS = (
					"DEBUG=1",
					"$(inherited)",
				);
				GCC_WARN_64_TO_32_BIT_CONVERSION = YES;
				GCC_WARN_ABOUT_RETURN_TYPE = YES_ERROR;
				GCC_WARN_UNDECLARED_SELECTOR = YES;
				GCC_WARN_UNINITIALIZED_AUTOS = YES_AGGRESSIVE;
				GCC_WARN_UNUSED_FUNCTION = YES;
				GCC_WARN_UNUSED_VARIABLE = YES;
				IPHONEOS_DEPLOYMENT_TARGET = 17.5;
				LOCALIZATION_PREFERS_STRING_CATALOGS = YES;
				MTL_ENABLE_DEBUG_INFO = INCLUDE_SOURCE;
				MTL_FAST_MATH = YES;
				ONLY_ACTIVE_ARCH = YES;
				SDKROOT = iphoneos;
				SWIFT_ACTIVE_COMPILATION_CONDITIONS = "DEBUG $(inherited)";
				SWIFT_OPTIMIZATION_LEVEL = "-Onone";
			};
			name = Debug;
		};
		C4DF48212C9D2AB200FBEF26 /* Release */ = {
			isa = XCBuildConfiguration;
			buildSettings = {
				ALWAYS_SEARCH_USER_PATHS = NO;
				ASSETCATALOG_COMPILER_GENERATE_SWIFT_ASSET_SYMBOL_EXTENSIONS = YES;
				CLANG_ANALYZER_NONNULL = YES;
				CLANG_ANALYZER_NUMBER_OBJECT_CONVERSION = YES_AGGRESSIVE;
				CLANG_CXX_LANGUAGE_STANDARD = "gnu++20";
				CLANG_ENABLE_MODULES = YES;
				CLANG_ENABLE_OBJC_ARC = YES;
				CLANG_ENABLE_OBJC_WEAK = YES;
				CLANG_WARN_BLOCK_CAPTURE_AUTORELEASING = YES;
				CLANG_WARN_BOOL_CONVERSION = YES;
				CLANG_WARN_COMMA = YES;
				CLANG_WARN_CONSTANT_CONVERSION = YES;
				CLANG_WARN_DEPRECATED_OBJC_IMPLEMENTATIONS = YES;
				CLANG_WARN_DIRECT_OBJC_ISA_USAGE = YES_ERROR;
				CLANG_WARN_DOCUMENTATION_COMMENTS = YES;
				CLANG_WARN_EMPTY_BODY = YES;
				CLANG_WARN_ENUM_CONVERSION = YES;
				CLANG_WARN_INFINITE_RECURSION = YES;
				CLANG_WARN_INT_CONVERSION = YES;
				CLANG_WARN_NON_LITERAL_NULL_CONVERSION = YES;
				CLANG_WARN_OBJC_IMPLICIT_RETAIN_SELF = YES;
				CLANG_WARN_OBJC_LITERAL_CONVERSION = YES;
				CLANG_WARN_OBJC_ROOT_CLASS = YES_ERROR;
				CLANG_WARN_QUOTED_INCLUDE_IN_FRAMEWORK_HEADER = YES;
				CLANG_WARN_RANGE_LOOP_ANALYSIS = YES;
				CLANG_WARN_STRICT_PROTOTYPES = YES;
				CLANG_WARN_SUSPICIOUS_MOVE = YES;
				CLANG_WARN_UNGUARDED_AVAILABILITY = YES_AGGRESSIVE;
				CLANG_WARN_UNREACHABLE_CODE = YES;
				CLANG_WARN__DUPLICATE_METHOD_MATCH = YES;
				COPY_PHASE_STRIP = NO;
				DEBUG_INFORMATION_FORMAT = "dwarf-with-dsym";
				ENABLE_NS_ASSERTIONS = NO;
				ENABLE_STRICT_OBJC_MSGSEND = YES;
				ENABLE_USER_SCRIPT_SANDBOXING = YES;
				GCC_C_LANGUAGE_STANDARD = gnu17;
				GCC_NO_COMMON_BLOCKS = YES;
				GCC_WARN_64_TO_32_BIT_CONVERSION = YES;
				GCC_WARN_ABOUT_RETURN_TYPE = YES_ERROR;
				GCC_WARN_UNDECLARED_SELECTOR = YES;
				GCC_WARN_UNINITIALIZED_AUTOS = YES_AGGRESSIVE;
				GCC_WARN_UNUSED_FUNCTION = YES;
				GCC_WARN_UNUSED_VARIABLE = YES;
				IPHONEOS_DEPLOYMENT_TARGET = 17.5;
				LOCALIZATION_PREFERS_STRING_CATALOGS = YES;
				MTL_ENABLE_DEBUG_INFO = NO;
				MTL_FAST_MATH = YES;
				SDKROOT = iphoneos;
				SWIFT_COMPILATION_MODE = wholemodule;
				VALIDATE_PRODUCT = YES;
			};
			name = Release;
		};
		C4DF48232C9D2AB200FBEF26 /* Debug */ = {
			isa = XCBuildConfiguration;
			buildSettings = {
				ASSETCATALOG_COMPILER_APPICON_NAME = AppIcon;
				ASSETCATALOG_COMPILER_GLOBAL_ACCENT_COLOR_NAME = AccentColor;
				CODE_SIGN_STYLE = Automatic;
				CURRENT_PROJECT_VERSION = 1;
				DEVELOPMENT_TEAM = ZS673XW4LM;
				GENERATE_INFOPLIST_FILE = YES;
				INFOPLIST_FILE = ProductsIBK/Resources/Info.plist;
				INFOPLIST_KEY_UIApplicationSupportsIndirectInputEvents = YES;
				INFOPLIST_KEY_UILaunchStoryboardName = LaunchScreen;
				INFOPLIST_KEY_UIMainStoryboardFile = Main;
				INFOPLIST_KEY_UISupportedInterfaceOrientations_iPad = "UIInterfaceOrientationPortrait UIInterfaceOrientationPortraitUpsideDown UIInterfaceOrientationLandscapeLeft UIInterfaceOrientationLandscapeRight";
				INFOPLIST_KEY_UISupportedInterfaceOrientations_iPhone = "UIInterfaceOrientationPortrait UIInterfaceOrientationLandscapeLeft UIInterfaceOrientationLandscapeRight";
				LD_RUNPATH_SEARCH_PATHS = (
					"$(inherited)",
					"@executable_path/Frameworks",
				);
				MARKETING_VERSION = 1.0;
				PRODUCT_BUNDLE_IDENTIFIER = deibytb.ProductsIBK;
				PRODUCT_NAME = "$(TARGET_NAME)";
				SWIFT_EMIT_LOC_STRINGS = YES;
				SWIFT_VERSION = 5.0;
				TARGETED_DEVICE_FAMILY = "1,2";
			};
			name = Debug;
		};
		C4DF48242C9D2AB200FBEF26 /* Release */ = {
			isa = XCBuildConfiguration;
			buildSettings = {
				ASSETCATALOG_COMPILER_APPICON_NAME = AppIcon;
				ASSETCATALOG_COMPILER_GLOBAL_ACCENT_COLOR_NAME = AccentColor;
				CODE_SIGN_STYLE = Automatic;
				CURRENT_PROJECT_VERSION = 1;
				DEVELOPMENT_TEAM = ZS673XW4LM;
				GENERATE_INFOPLIST_FILE = YES;
				INFOPLIST_FILE = ProductsIBK/Resources/Info.plist;
				INFOPLIST_KEY_UIApplicationSupportsIndirectInputEvents = YES;
				INFOPLIST_KEY_UILaunchStoryboardName = LaunchScreen;
				INFOPLIST_KEY_UIMainStoryboardFile = Main;
				INFOPLIST_KEY_UISupportedInterfaceOrientations_iPad = "UIInterfaceOrientationPortrait UIInterfaceOrientationPortraitUpsideDown UIInterfaceOrientationLandscapeLeft UIInterfaceOrientationLandscapeRight";
				INFOPLIST_KEY_UISupportedInterfaceOrientations_iPhone = "UIInterfaceOrientationPortrait UIInterfaceOrientationLandscapeLeft UIInterfaceOrientationLandscapeRight";
				LD_RUNPATH_SEARCH_PATHS = (
					"$(inherited)",
					"@executable_path/Frameworks",
				);
				MARKETING_VERSION = 1.0;
				PRODUCT_BUNDLE_IDENTIFIER = deibytb.ProductsIBK;
				PRODUCT_NAME = "$(TARGET_NAME)";
				SWIFT_EMIT_LOC_STRINGS = YES;
				SWIFT_VERSION = 5.0;
				TARGETED_DEVICE_FAMILY = "1,2";
			};
			name = Release;
		};
		C4DF48262C9D2AB200FBEF26 /* Debug */ = {
			isa = XCBuildConfiguration;
			buildSettings = {
				ALWAYS_EMBED_SWIFT_STANDARD_LIBRARIES = YES;
				BUNDLE_LOADER = "$(TEST_HOST)";
				CODE_SIGN_STYLE = Automatic;
				CURRENT_PROJECT_VERSION = 1;
				DEVELOPMENT_TEAM = ZS673XW4LM;
				GENERATE_INFOPLIST_FILE = YES;
				IPHONEOS_DEPLOYMENT_TARGET = 17.5;
				MARKETING_VERSION = 1.0;
				PRODUCT_BUNDLE_IDENTIFIER = deibytb.ProductsIBKTests;
				PRODUCT_NAME = "$(TARGET_NAME)";
				SWIFT_EMIT_LOC_STRINGS = NO;
				SWIFT_VERSION = 5.0;
				TARGETED_DEVICE_FAMILY = "1,2";
				TEST_HOST = "$(BUILT_PRODUCTS_DIR)/ProductsIBK.app/$(BUNDLE_EXECUTABLE_FOLDER_PATH)/ProductsIBK";
			};
			name = Debug;
		};
		C4DF48272C9D2AB200FBEF26 /* Release */ = {
			isa = XCBuildConfiguration;
			buildSettings = {
				ALWAYS_EMBED_SWIFT_STANDARD_LIBRARIES = YES;
				BUNDLE_LOADER = "$(TEST_HOST)";
				CODE_SIGN_STYLE = Automatic;
				CURRENT_PROJECT_VERSION = 1;
				DEVELOPMENT_TEAM = ZS673XW4LM;
				GENERATE_INFOPLIST_FILE = YES;
				IPHONEOS_DEPLOYMENT_TARGET = 17.5;
				MARKETING_VERSION = 1.0;
				PRODUCT_BUNDLE_IDENTIFIER = deibytb.ProductsIBKTests;
				PRODUCT_NAME = "$(TARGET_NAME)";
				SWIFT_EMIT_LOC_STRINGS = NO;
				SWIFT_VERSION = 5.0;
				TARGETED_DEVICE_FAMILY = "1,2";
				TEST_HOST = "$(BUILT_PRODUCTS_DIR)/ProductsIBK.app/$(BUNDLE_EXECUTABLE_FOLDER_PATH)/ProductsIBK";
			};
			name = Release;
		};
		C4DF48292C9D2AB200FBEF26 /* Debug */ = {
			isa = XCBuildConfiguration;
			buildSettings = {
				ALWAYS_EMBED_SWIFT_STANDARD_LIBRARIES = YES;
				CODE_SIGN_STYLE = Automatic;
				CURRENT_PROJECT_VERSION = 1;
				DEVELOPMENT_TEAM = ZS673XW4LM;
				GENERATE_INFOPLIST_FILE = YES;
				MARKETING_VERSION = 1.0;
				PRODUCT_BUNDLE_IDENTIFIER = deibytb.ProductsIBKUITests;
				PRODUCT_NAME = "$(TARGET_NAME)";
				SWIFT_EMIT_LOC_STRINGS = NO;
				SWIFT_VERSION = 5.0;
				TARGETED_DEVICE_FAMILY = "1,2";
				TEST_TARGET_NAME = ProductsIBK;
			};
			name = Debug;
		};
		C4DF482A2C9D2AB200FBEF26 /* Release */ = {
			isa = XCBuildConfiguration;
			buildSettings = {
				ALWAYS_EMBED_SWIFT_STANDARD_LIBRARIES = YES;
				CODE_SIGN_STYLE = Automatic;
				CURRENT_PROJECT_VERSION = 1;
				DEVELOPMENT_TEAM = ZS673XW4LM;
				GENERATE_INFOPLIST_FILE = YES;
				MARKETING_VERSION = 1.0;
				PRODUCT_BUNDLE_IDENTIFIER = deibytb.ProductsIBKUITests;
				PRODUCT_NAME = "$(TARGET_NAME)";
				SWIFT_EMIT_LOC_STRINGS = NO;
				SWIFT_VERSION = 5.0;
				TARGETED_DEVICE_FAMILY = "1,2";
				TEST_TARGET_NAME = ProductsIBK;
			};
			name = Release;
		};
/* End XCBuildConfiguration section */

/* Begin XCConfigurationList section */
		C4DF47F32C9D2AB100FBEF26 /* Build configuration list for PBXProject "ProductsIBK" */ = {
			isa = XCConfigurationList;
			buildConfigurations = (
				C4DF48202C9D2AB200FBEF26 /* Debug */,
				C4DF48212C9D2AB200FBEF26 /* Release */,
			);
			defaultConfigurationIsVisible = 0;
			defaultConfigurationName = Release;
		};
		C4DF48222C9D2AB200FBEF26 /* Build configuration list for PBXNativeTarget "ProductsIBK" */ = {
			isa = XCConfigurationList;
			buildConfigurations = (
				C4DF48232C9D2AB200FBEF26 /* Debug */,
				C4DF48242C9D2AB200FBEF26 /* Release */,
			);
			defaultConfigurationIsVisible = 0;
			defaultConfigurationName = Release;
		};
		C4DF48252C9D2AB200FBEF26 /* Build configuration list for PBXNativeTarget "ProductsIBKTests" */ = {
			isa = XCConfigurationList;
			buildConfigurations = (
				C4DF48262C9D2AB200FBEF26 /* Debug */,
				C4DF48272C9D2AB200FBEF26 /* Release */,
			);
			defaultConfigurationIsVisible = 0;
			defaultConfigurationName = Release;
		};
		C4DF48282C9D2AB200FBEF26 /* Build configuration list for PBXNativeTarget "ProductsIBKUITests" */ = {
			isa = XCConfigurationList;
			buildConfigurations = (
				C4DF48292C9D2AB200FBEF26 /* Debug */,
				C4DF482A2C9D2AB200FBEF26 /* Release */,
			);
			defaultConfigurationIsVisible = 0;
			defaultConfigurationName = Release;
		};
/* End XCConfigurationList section */
	};
	rootObject = C4DF47F02C9D2AB100FBEF26 /* Project object */;
}
